
Microsoft Visual Studio Solution File, Format Version 12.00
# Visual Studio 15
VisualStudioVersion = 15.0.26730.12
MinimumVisualStudioVersion = 10.0.40219.1
Project("{FAE04EC0-301F-11D3-BF4B-00C04F79EFBC}") = "LinkedListDemo", "LinkedListDemo\LinkedListDemo.csproj", "{280931FC-F281-40B0-89A3-0932E8C16430}"
EndProject
Global
	GlobalSection(SolutionConfigurationPlatforms) = preSolution
		Debug|Any CPU = Debug|Any CPU
		Release|Any CPU = Release|Any CPU
	EndGlobalSection
	GlobalSection(ProjectConfigurationPlatforms) = postSolution
		{280931FC-F281-40B0-89A3-0932E8C16430}.Debug|Any CPU.ActiveCfg = Debug|Any CPU
		{280931FC-F281-40B0-89A3-0932E8C16430}.Debug|Any CPU.Build.0 = Debug|Any CPU
		{280931FC-F281-40B0-89A3-0932E8C16430}.Release|Any CPU.ActiveCfg = Release|Any CPU
		{280931FC-F281-40B0-89A3-0932E8C16430}.Release|Any CPU.Build.0 = Release|Any CPU
	EndGlobalSection
	GlobalSection(SolutionProperties) = preSolution
		HideSolutionNode = FALSE
	EndGlobalSection
	GlobalSection(ExtensibilityGlobals) = postSolution
		SolutionGuid = {E2A7F8B1-E334-4342-B0C2-27EE325107D1}
	EndGlobalSection
EndGlobal
